
Microsoft Visual Studio Solution File, Format Version 12.00
# Visual Studio 14
VisualStudioVersion = 14.0.24720.0
MinimumVisualStudioVersion = 10.0.40219.1
Project("{FAE04EC0-301F-11D3-BF4B-00C04F79EFBC}") = "PortalSolidario", "PortalSolidario\PortalSolidario.csproj", "{8A9A83F1-A9D8-42A3-9DAD-14206E370C9C}"
EndProject
Project("{FAE04EC0-301F-11D3-BF4B-00C04F79EFBC}") = "PortalSolidarioApi", "PortalSolidarioApi\PortalSolidarioApi.csproj", "{AF0E1D19-8EC7-4F4C-AF25-62B70E646FFE}"
EndProject
Project("{FAE04EC0-301F-11D3-BF4B-00C04F79EFBC}") = "PortalSolidarioApi.Tests", "PortalSolidarioApi.Tests\PortalSolidarioApi.Tests.csproj", "{966CB22B-F79D-4937-9D38-236B3F86AF0A}"
EndProject
Project("{FAE04EC0-301F-11D3-BF4B-00C04F79EFBC}") = "Infraestructure", "Infraestructure\Infraestructure.csproj", "{7E8F6677-1BB9-4E4A-BCB5-D3F2DB3978CD}"
EndProject
Global
	GlobalSection(SolutionConfigurationPlatforms) = preSolution
		Debug|Any CPU = Debug|Any CPU
		Release|Any CPU = Release|Any CPU
	EndGlobalSection
	GlobalSection(ProjectConfigurationPlatforms) = postSolution
		{8A9A83F1-A9D8-42A3-9DAD-14206E370C9C}.Debug|Any CPU.ActiveCfg = Debug|Any CPU
		{8A9A83F1-A9D8-42A3-9DAD-14206E370C9C}.Debug|Any CPU.Build.0 = Debug|Any CPU
		{8A9A83F1-A9D8-42A3-9DAD-14206E370C9C}.Release|Any CPU.ActiveCfg = Release|Any CPU
		{8A9A83F1-A9D8-42A3-9DAD-14206E370C9C}.Release|Any CPU.Build.0 = Release|Any CPU
		{AF0E1D19-8EC7-4F4C-AF25-62B70E646FFE}.Debug|Any CPU.ActiveCfg = Debug|Any CPU
		{AF0E1D19-8EC7-4F4C-AF25-62B70E646FFE}.Debug|Any CPU.Build.0 = Debug|Any CPU
		{AF0E1D19-8EC7-4F4C-AF25-62B70E646FFE}.Release|Any CPU.ActiveCfg = Release|Any CPU
		{AF0E1D19-8EC7-4F4C-AF25-62B70E646FFE}.Release|Any CPU.Build.0 = Release|Any CPU
		{966CB22B-F79D-4937-9D38-236B3F86AF0A}.Debug|Any CPU.ActiveCfg = Debug|Any CPU
		{966CB22B-F79D-4937-9D38-236B3F86AF0A}.Debug|Any CPU.Build.0 = Debug|Any CPU
		{966CB22B-F79D-4937-9D38-236B3F86AF0A}.Release|Any CPU.ActiveCfg = Release|Any CPU
		{966CB22B-F79D-4937-9D38-236B3F86AF0A}.Release|Any CPU.Build.0 = Release|Any CPU
		{7E8F6677-1BB9-4E4A-BCB5-D3F2DB3978CD}.Debug|Any CPU.ActiveCfg = Debug|Any CPU
		{7E8F6677-1BB9-4E4A-BCB5-D3F2DB3978CD}.Debug|Any CPU.Build.0 = Debug|Any CPU
		{7E8F6677-1BB9-4E4A-BCB5-D3F2DB3978CD}.Release|Any CPU.ActiveCfg = Release|Any CPU
		{7E8F6677-1BB9-4E4A-BCB5-D3F2DB3978CD}.Release|Any CPU.Build.0 = Release|Any CPU
	EndGlobalSection
	GlobalSection(SolutionProperties) = preSolution
		HideSolutionNode = FALSE
	EndGlobalSection
EndGlobal
